
Microsoft Visual Studio Solution File, Format Version 12.00
# Visual Studio 2013
VisualStudioVersion = 12.0.30110.0
MinimumVisualStudioVersion = 10.0.40219.1
Project("{FAE04EC0-301F-11D3-BF4B-00C04F79EFBC}") = "ShoppingList.Services", "ShoppingList.Services\ShoppingList.Services.csproj", "{0F41D6B3-69EB-4A8F-B26D-B4043D8D1649}"
EndProject
Project("{FAE04EC0-301F-11D3-BF4B-00C04F79EFBC}") = "ShoppingList.DAL", "ShoppingList.DAL\ShoppingList.DAL.csproj", "{A1DC18DA-91AE-46DF-9C12-22FF015F3859}"
EndProject
Project("{FAE04EC0-301F-11D3-BF4B-00C04F79EFBC}") = "ShoppingList.Mobile", "ShoppingList.Mobile\ShoppingList.Mobile.csproj", "{9E2FB132-95B5-425A-B039-74BAE3C02339}"
	ProjectSection(ProjectDependencies) = postProject
		{0F41D6B3-69EB-4A8F-B26D-B4043D8D1649} = {0F41D6B3-69EB-4A8F-B26D-B4043D8D1649}
	EndProjectSection
EndProject
Project("{FAE04EC0-301F-11D3-BF4B-00C04F79EFBC}") = "Newtonsoft.Json.MonoDroid", "..\..\..\..\Source\Repos\Newtonsoft.Json\Newtonsoft.Json\Newtonsoft.Json.MonoDroid.csproj", "{E6C3413C-919B-486D-8B6C-225CBD921B98}"
EndProject
Project("{FAE04EC0-301F-11D3-BF4B-00C04F79EFBC}") = "ShoppingList.Web", "ShoppingList.Web\ShoppingList.Web.csproj", "{EF9F79C5-DC60-4B2B-A1F4-C333F2C16503}"
EndProject
Global
	GlobalSection(SolutionConfigurationPlatforms) = preSolution
		Debug|Any CPU = Debug|Any CPU
		Release|Any CPU = Release|Any CPU
	EndGlobalSection
	GlobalSection(ProjectConfigurationPlatforms) = postSolution
		{0F41D6B3-69EB-4A8F-B26D-B4043D8D1649}.Debug|Any CPU.ActiveCfg = Debug|Any CPU
		{0F41D6B3-69EB-4A8F-B26D-B4043D8D1649}.Debug|Any CPU.Build.0 = Debug|Any CPU
		{0F41D6B3-69EB-4A8F-B26D-B4043D8D1649}.Release|Any CPU.ActiveCfg = Release|Any CPU
		{0F41D6B3-69EB-4A8F-B26D-B4043D8D1649}.Release|Any CPU.Build.0 = Release|Any CPU
		{A1DC18DA-91AE-46DF-9C12-22FF015F3859}.Debug|Any CPU.ActiveCfg = Debug|Any CPU
		{A1DC18DA-91AE-46DF-9C12-22FF015F3859}.Debug|Any CPU.Build.0 = Debug|Any CPU
		{A1DC18DA-91AE-46DF-9C12-22FF015F3859}.Release|Any CPU.ActiveCfg = Release|Any CPU
		{A1DC18DA-91AE-46DF-9C12-22FF015F3859}.Release|Any CPU.Build.0 = Release|Any CPU
		{9E2FB132-95B5-425A-B039-74BAE3C02339}.Debug|Any CPU.ActiveCfg = Debug|Any CPU
		{9E2FB132-95B5-425A-B039-74BAE3C02339}.Debug|Any CPU.Build.0 = Debug|Any CPU
		{9E2FB132-95B5-425A-B039-74BAE3C02339}.Debug|Any CPU.Deploy.0 = Debug|Any CPU
		{9E2FB132-95B5-425A-B039-74BAE3C02339}.Release|Any CPU.ActiveCfg = Release|Any CPU
		{9E2FB132-95B5-425A-B039-74BAE3C02339}.Release|Any CPU.Build.0 = Release|Any CPU
		{9E2FB132-95B5-425A-B039-74BAE3C02339}.Release|Any CPU.Deploy.0 = Release|Any CPU
		{E6C3413C-919B-486D-8B6C-225CBD921B98}.Debug|Any CPU.ActiveCfg = Debug|Any CPU
		{E6C3413C-919B-486D-8B6C-225CBD921B98}.Debug|Any CPU.Build.0 = Debug|Any CPU
		{E6C3413C-919B-486D-8B6C-225CBD921B98}.Release|Any CPU.ActiveCfg = Release|Any CPU
		{E6C3413C-919B-486D-8B6C-225CBD921B98}.Release|Any CPU.Build.0 = Release|Any CPU
		{EF9F79C5-DC60-4B2B-A1F4-C333F2C16503}.Debug|Any CPU.ActiveCfg = Debug|Any CPU
		{EF9F79C5-DC60-4B2B-A1F4-C333F2C16503}.Debug|Any CPU.Build.0 = Debug|Any CPU
		{EF9F79C5-DC60-4B2B-A1F4-C333F2C16503}.Release|Any CPU.ActiveCfg = Release|Any CPU
		{EF9F79C5-DC60-4B2B-A1F4-C333F2C16503}.Release|Any CPU.Build.0 = Release|Any CPU
	EndGlobalSection
	GlobalSection(SolutionProperties) = preSolution
		HideSolutionNode = FALSE
	EndGlobalSection
EndGlobal
