
Microsoft Visual Studio Solution File, Format Version 12.00
# Visual Studio 2013
VisualStudioVersion = 12.0.31101.0
MinimumVisualStudioVersion = 10.0.40219.1
Project("{FAE04EC0-301F-11D3-BF4B-00C04F79EFBC}") = "ShoppingList.Services", "ShoppingList.Services\ShoppingList.Services.csproj", "{0F41D6B3-69EB-4A8F-B26D-B4043D8D1649}"
EndProject
Project("{FAE04EC0-301F-11D3-BF4B-00C04F79EFBC}") = "ShoppingList.DAL", "ShoppingList.DAL\ShoppingList.DAL.csproj", "{A1DC18DA-91AE-46DF-9C12-22FF015F3859}"
EndProject
Project("{2150E333-8FDC-42A3-9474-1A3956D46DE8}") = ".nuget", ".nuget", "{CCBF47A9-EE31-47CC-9D70-834D5E7701F2}"
EndProject
Project("{FAE04EC0-301F-11D3-BF4B-00C04F79EFBC}") = "ShoppingList.Mobile", "ShoppingList.Mobile\ShoppingList.Mobile.csproj", "{9E2FB132-95B5-425A-B039-74BAE3C02339}"
EndProject
Project("{FAE04EC0-301F-11D3-BF4B-00C04F79EFBC}") = "Newtonsoft.Json.MonoDroid", "..\..\..\..\Source\Repos\Newtonsoft.Json\Newtonsoft.Json\Newtonsoft.Json.MonoDroid.csproj", "{E6C3413C-919B-486D-8B6C-225CBD921B98}"
EndProject
Project("{FAE04EC0-301F-11D3-BF4B-00C04F79EFBC}") = "ShoppingList.Web", "ShoppingList.Web2\ShoppingList.Web.csproj", "{4802418D-FB63-49E2-86CE-93FAC13F59CF}"
EndProject
Project("{FAE04EC0-301F-11D3-BF4B-00C04F79EFBC}") = "ShoppingList.Old", "ShoppingList.Web.Old\ShoppingList.Old.csproj", "{EF9F79C5-DC60-4B2B-A1F4-C333F2C16503}"
EndProject
Global
	GlobalSection(SolutionConfigurationPlatforms) = preSolution
		Debug|Any CPU = Debug|Any CPU
		Debug|Mixed Platforms = Debug|Mixed Platforms
		Debug|Win32 = Debug|Win32
		Release|Any CPU = Release|Any CPU
		Release|Mixed Platforms = Release|Mixed Platforms
		Release|Win32 = Release|Win32
	EndGlobalSection
	GlobalSection(ProjectConfigurationPlatforms) = postSolution
		{0F41D6B3-69EB-4A8F-B26D-B4043D8D1649}.Debug|Any CPU.ActiveCfg = Debug|Any CPU
		{0F41D6B3-69EB-4A8F-B26D-B4043D8D1649}.Debug|Any CPU.Build.0 = Debug|Any CPU
		{0F41D6B3-69EB-4A8F-B26D-B4043D8D1649}.Debug|Mixed Platforms.ActiveCfg = Debug|Any CPU
		{0F41D6B3-69EB-4A8F-B26D-B4043D8D1649}.Debug|Mixed Platforms.Build.0 = Debug|Any CPU
		{0F41D6B3-69EB-4A8F-B26D-B4043D8D1649}.Debug|Win32.ActiveCfg = Debug|Any CPU
		{0F41D6B3-69EB-4A8F-B26D-B4043D8D1649}.Release|Any CPU.ActiveCfg = Release|Any CPU
		{0F41D6B3-69EB-4A8F-B26D-B4043D8D1649}.Release|Any CPU.Build.0 = Release|Any CPU
		{0F41D6B3-69EB-4A8F-B26D-B4043D8D1649}.Release|Mixed Platforms.ActiveCfg = Release|Any CPU
		{0F41D6B3-69EB-4A8F-B26D-B4043D8D1649}.Release|Mixed Platforms.Build.0 = Release|Any CPU
		{0F41D6B3-69EB-4A8F-B26D-B4043D8D1649}.Release|Win32.ActiveCfg = Release|Any CPU
		{A1DC18DA-91AE-46DF-9C12-22FF015F3859}.Debug|Any CPU.ActiveCfg = Debug|Any CPU
		{A1DC18DA-91AE-46DF-9C12-22FF015F3859}.Debug|Any CPU.Build.0 = Debug|Any CPU
		{A1DC18DA-91AE-46DF-9C12-22FF015F3859}.Debug|Mixed Platforms.ActiveCfg = Debug|Any CPU
		{A1DC18DA-91AE-46DF-9C12-22FF015F3859}.Debug|Mixed Platforms.Build.0 = Debug|Any CPU
		{A1DC18DA-91AE-46DF-9C12-22FF015F3859}.Debug|Win32.ActiveCfg = Debug|Any CPU
		{A1DC18DA-91AE-46DF-9C12-22FF015F3859}.Release|Any CPU.ActiveCfg = Release|Any CPU
		{A1DC18DA-91AE-46DF-9C12-22FF015F3859}.Release|Any CPU.Build.0 = Release|Any CPU
		{A1DC18DA-91AE-46DF-9C12-22FF015F3859}.Release|Mixed Platforms.ActiveCfg = Release|Any CPU
		{A1DC18DA-91AE-46DF-9C12-22FF015F3859}.Release|Mixed Platforms.Build.0 = Release|Any CPU
		{A1DC18DA-91AE-46DF-9C12-22FF015F3859}.Release|Win32.ActiveCfg = Release|Any CPU
		{9E2FB132-95B5-425A-B039-74BAE3C02339}.Debug|Any CPU.ActiveCfg = Debug|Any CPU
		{9E2FB132-95B5-425A-B039-74BAE3C02339}.Debug|Any CPU.Build.0 = Debug|Any CPU
		{9E2FB132-95B5-425A-B039-74BAE3C02339}.Debug|Any CPU.Deploy.0 = Debug|Any CPU
		{9E2FB132-95B5-425A-B039-74BAE3C02339}.Debug|Mixed Platforms.ActiveCfg = Debug|Any CPU
		{9E2FB132-95B5-425A-B039-74BAE3C02339}.Debug|Mixed Platforms.Build.0 = Debug|Any CPU
		{9E2FB132-95B5-425A-B039-74BAE3C02339}.Debug|Mixed Platforms.Deploy.0 = Debug|Any CPU
		{9E2FB132-95B5-425A-B039-74BAE3C02339}.Debug|Win32.ActiveCfg = Debug|Any CPU
		{9E2FB132-95B5-425A-B039-74BAE3C02339}.Release|Any CPU.ActiveCfg = Release|Any CPU
		{9E2FB132-95B5-425A-B039-74BAE3C02339}.Release|Any CPU.Build.0 = Release|Any CPU
		{9E2FB132-95B5-425A-B039-74BAE3C02339}.Release|Any CPU.Deploy.0 = Release|Any CPU
		{9E2FB132-95B5-425A-B039-74BAE3C02339}.Release|Mixed Platforms.ActiveCfg = Release|Any CPU
		{9E2FB132-95B5-425A-B039-74BAE3C02339}.Release|Mixed Platforms.Build.0 = Release|Any CPU
		{9E2FB132-95B5-425A-B039-74BAE3C02339}.Release|Mixed Platforms.Deploy.0 = Release|Any CPU
		{9E2FB132-95B5-425A-B039-74BAE3C02339}.Release|Win32.ActiveCfg = Release|Any CPU
		{E6C3413C-919B-486D-8B6C-225CBD921B98}.Debug|Any CPU.ActiveCfg = Debug|Any CPU
		{E6C3413C-919B-486D-8B6C-225CBD921B98}.Debug|Any CPU.Build.0 = Debug|Any CPU
		{E6C3413C-919B-486D-8B6C-225CBD921B98}.Debug|Mixed Platforms.ActiveCfg = Debug|Any CPU
		{E6C3413C-919B-486D-8B6C-225CBD921B98}.Debug|Mixed Platforms.Build.0 = Debug|Any CPU
		{E6C3413C-919B-486D-8B6C-225CBD921B98}.Debug|Win32.ActiveCfg = Debug|Any CPU
		{E6C3413C-919B-486D-8B6C-225CBD921B98}.Release|Any CPU.ActiveCfg = Release|Any CPU
		{E6C3413C-919B-486D-8B6C-225CBD921B98}.Release|Any CPU.Build.0 = Release|Any CPU
		{E6C3413C-919B-486D-8B6C-225CBD921B98}.Release|Mixed Platforms.ActiveCfg = Release|Any CPU
		{E6C3413C-919B-486D-8B6C-225CBD921B98}.Release|Mixed Platforms.Build.0 = Release|Any CPU
		{E6C3413C-919B-486D-8B6C-225CBD921B98}.Release|Win32.ActiveCfg = Release|Any CPU
		{4802418D-FB63-49E2-86CE-93FAC13F59CF}.Debug|Any CPU.ActiveCfg = Debug|Any CPU
		{4802418D-FB63-49E2-86CE-93FAC13F59CF}.Debug|Any CPU.Build.0 = Debug|Any CPU
		{4802418D-FB63-49E2-86CE-93FAC13F59CF}.Debug|Mixed Platforms.ActiveCfg = Debug|Any CPU
		{4802418D-FB63-49E2-86CE-93FAC13F59CF}.Debug|Mixed Platforms.Build.0 = Debug|Any CPU
		{4802418D-FB63-49E2-86CE-93FAC13F59CF}.Debug|Win32.ActiveCfg = Debug|Any CPU
		{4802418D-FB63-49E2-86CE-93FAC13F59CF}.Release|Any CPU.ActiveCfg = Release|Any CPU
		{4802418D-FB63-49E2-86CE-93FAC13F59CF}.Release|Any CPU.Build.0 = Release|Any CPU
		{4802418D-FB63-49E2-86CE-93FAC13F59CF}.Release|Mixed Platforms.ActiveCfg = Release|Any CPU
		{4802418D-FB63-49E2-86CE-93FAC13F59CF}.Release|Mixed Platforms.Build.0 = Release|Any CPU
		{4802418D-FB63-49E2-86CE-93FAC13F59CF}.Release|Win32.ActiveCfg = Release|Any CPU
		{EF9F79C5-DC60-4B2B-A1F4-C333F2C16503}.Debug|Any CPU.ActiveCfg = Debug|Any CPU
		{EF9F79C5-DC60-4B2B-A1F4-C333F2C16503}.Debug|Any CPU.Build.0 = Debug|Any CPU
		{EF9F79C5-DC60-4B2B-A1F4-C333F2C16503}.Debug|Mixed Platforms.ActiveCfg = Debug|Any CPU
		{EF9F79C5-DC60-4B2B-A1F4-C333F2C16503}.Debug|Mixed Platforms.Build.0 = Debug|Any CPU
		{EF9F79C5-DC60-4B2B-A1F4-C333F2C16503}.Debug|Win32.ActiveCfg = Debug|Any CPU
		{EF9F79C5-DC60-4B2B-A1F4-C333F2C16503}.Release|Any CPU.ActiveCfg = Release|Any CPU
		{EF9F79C5-DC60-4B2B-A1F4-C333F2C16503}.Release|Any CPU.Build.0 = Release|Any CPU
		{EF9F79C5-DC60-4B2B-A1F4-C333F2C16503}.Release|Mixed Platforms.ActiveCfg = Release|Any CPU
		{EF9F79C5-DC60-4B2B-A1F4-C333F2C16503}.Release|Mixed Platforms.Build.0 = Release|Any CPU
		{EF9F79C5-DC60-4B2B-A1F4-C333F2C16503}.Release|Win32.ActiveCfg = Release|Any CPU
	EndGlobalSection
	GlobalSection(SolutionProperties) = preSolution
		HideSolutionNode = FALSE
	EndGlobalSection
	GlobalSection(MonoDevelopProperties) = preSolution
		StartupItem = ShoppingList.Mobile\ShoppingList.Mobile.csproj
	EndGlobalSection
EndGlobal
